
Microsoft Visual Studio Solution File, Format Version 12.00
# Visual Studio Version 17
VisualStudioVersion = 17.8.34330.188
MinimumVisualStudioVersion = 10.0.40219.1
Project("{FAE04EC0-301F-11D3-BF4B-00C04F79EFBC}") = "SchemesWebApp", "SchemesWebApp.csproj", "{57520781-0FD8-4519-8329-9FD90853E28D}"
EndProject
Project("{FAE04EC0-301F-11D3-BF4B-00C04F79EFBC}") = "SchemesAdminApp", "..\SchemesAdminApp\SchemesAdminApp.csproj", "{ABC71572-DAA3-4FA6-8B81-3FBCED91E5C1}"
EndProject
Project("{FAE04EC0-301F-11D3-BF4B-00C04F79EFBC}") = "Schemes.ViewModels", "..\Schemes.ViewModels\Schemes.ViewModels.csproj", "{098871B7-2636-41A9-897E-576F875F1E63}"
EndProject
Project("{FAE04EC0-301F-11D3-BF4B-00C04F79EFBC}") = "Schemes.Models", "..\Schemes.Models\Schemes.Models.csproj", "{63DFCF3E-2B95-43AB-AA2D-B2457F15771E}"
EndProject
Project("{FAE04EC0-301F-11D3-BF4B-00C04F79EFBC}") = "Schemes.Repository", "..\Schemes.Repository\Schemes.Repository.csproj", "{8AACBF1B-C5F8-4BA3-975F-5AA8D17F9632}"
EndProject
Project("{FAE04EC0-301F-11D3-BF4B-00C04F79EFBC}") = "Schemes.Manager", "..\Schemes.Manager\Schemes.Manager.csproj", "{4EC70B3D-F9C3-4705-A1D5-FC17CDFFD7DE}"
EndProject
Global
	GlobalSection(SolutionConfigurationPlatforms) = preSolution
		Debug|Any CPU = Debug|Any CPU
		Release|Any CPU = Release|Any CPU
	EndGlobalSection
	GlobalSection(ProjectConfigurationPlatforms) = postSolution
		{57520781-0FD8-4519-8329-9FD90853E28D}.Debug|Any CPU.ActiveCfg = Debug|Any CPU
		{57520781-0FD8-4519-8329-9FD90853E28D}.Debug|Any CPU.Build.0 = Debug|Any CPU
		{57520781-0FD8-4519-8329-9FD90853E28D}.Release|Any CPU.ActiveCfg = Release|Any CPU
		{57520781-0FD8-4519-8329-9FD90853E28D}.Release|Any CPU.Build.0 = Release|Any CPU
		{ABC71572-DAA3-4FA6-8B81-3FBCED91E5C1}.Debug|Any CPU.ActiveCfg = Debug|Any CPU
		{ABC71572-DAA3-4FA6-8B81-3FBCED91E5C1}.Debug|Any CPU.Build.0 = Debug|Any CPU
		{ABC71572-DAA3-4FA6-8B81-3FBCED91E5C1}.Release|Any CPU.ActiveCfg = Release|Any CPU
		{ABC71572-DAA3-4FA6-8B81-3FBCED91E5C1}.Release|Any CPU.Build.0 = Release|Any CPU
		{098871B7-2636-41A9-897E-576F875F1E63}.Debug|Any CPU.ActiveCfg = Debug|Any CPU
		{098871B7-2636-41A9-897E-576F875F1E63}.Debug|Any CPU.Build.0 = Debug|Any CPU
		{098871B7-2636-41A9-897E-576F875F1E63}.Release|Any CPU.ActiveCfg = Release|Any CPU
		{098871B7-2636-41A9-897E-576F875F1E63}.Release|Any CPU.Build.0 = Release|Any CPU
		{63DFCF3E-2B95-43AB-AA2D-B2457F15771E}.Debug|Any CPU.ActiveCfg = Debug|Any CPU
		{63DFCF3E-2B95-43AB-AA2D-B2457F15771E}.Debug|Any CPU.Build.0 = Debug|Any CPU
		{63DFCF3E-2B95-43AB-AA2D-B2457F15771E}.Release|Any CPU.ActiveCfg = Release|Any CPU
		{63DFCF3E-2B95-43AB-AA2D-B2457F15771E}.Release|Any CPU.Build.0 = Release|Any CPU
		{8AACBF1B-C5F8-4BA3-975F-5AA8D17F9632}.Debug|Any CPU.ActiveCfg = Debug|Any CPU
		{8AACBF1B-C5F8-4BA3-975F-5AA8D17F9632}.Debug|Any CPU.Build.0 = Debug|Any CPU
		{8AACBF1B-C5F8-4BA3-975F-5AA8D17F9632}.Release|Any CPU.ActiveCfg = Release|Any CPU
		{8AACBF1B-C5F8-4BA3-975F-5AA8D17F9632}.Release|Any CPU.Build.0 = Release|Any CPU
		{4EC70B3D-F9C3-4705-A1D5-FC17CDFFD7DE}.Debug|Any CPU.ActiveCfg = Debug|Any CPU
		{4EC70B3D-F9C3-4705-A1D5-FC17CDFFD7DE}.Debug|Any CPU.Build.0 = Debug|Any CPU
		{4EC70B3D-F9C3-4705-A1D5-FC17CDFFD7DE}.Release|Any CPU.ActiveCfg = Release|Any CPU
		{4EC70B3D-F9C3-4705-A1D5-FC17CDFFD7DE}.Release|Any CPU.Build.0 = Release|Any CPU
	EndGlobalSection
	GlobalSection(SolutionProperties) = preSolution
		HideSolutionNode = FALSE
	EndGlobalSection
	GlobalSection(ExtensibilityGlobals) = postSolution
		SolutionGuid = {7FC99D10-0FC1-47CC-AF8B-042DEF759169}
	EndGlobalSection
EndGlobal
